{
  "name": "stimulus-if",
  "version": "0.1.0",
  "lockfileVersion": 2,
  "requires": true,
  "packages": {
    "": {
      "name": "stimulus-if",
      "version": "0.1.0",
      "license": "ISC",
      "dependencies": {
        "stimulus-shorthand": "^0.1.0"
      }
    },
    "node_modules/stimulus-shorthand": {
      "version": "0.1.0",
      "resolved": "https://registry.npmjs.org/stimulus-shorthand/-/stimulus-shorthand-0.1.0.tgz",
      "integrity": "sha512-MHOiG50fEJpXkmdttKmZx9Fv2nC5qIg2i4WFHNkI6AnzzxQvKljEYkfW+o1wkUARbBl0Xf3eEow0YnSUh5K+8g=="
    }
  },
  "dependencies": {
    "stimulus-shorthand": {
      "version": "0.1.0",
      "resolved": "https://registry.npmjs.org/stimulus-shorthand/-/stimulus-shorthand-0.1.0.tgz",
      "integrity": "sha512-MHOiG50fEJpXkmdttKmZx9Fv2nC5qIg2i4WFHNkI6AnzzxQvKljEYkfW+o1wkUARbBl0Xf3eEow0YnSUh5K+8g=="
    }
  }
}
